
Microsoft Visual Studio Solution File, Format Version 12.00
Project("{FAE04EC0-301F-11D3-BF4B-00C04F79EFBC}") = "VibeDisasm.Pe", "VibeDisasm.Pe\VibeDisasm.Pe.csproj", "{73BFB6C8-0B0C-470A-9FDD-BFC8338B9A3F}"
EndProject
Project("{FAE04EC0-301F-11D3-BF4B-00C04F79EFBC}") = "VibeDisasm.TestLand", "VibeDisasm.TestLand\VibeDisasm.TestLand.csproj", "{5B9453F3-48DB-4861-AACE-26AD544A20EC}"
EndProject
Project("{FAE04EC0-301F-11D3-BF4B-00C04F79EFBC}") = "VibeDisasm.Disassembler.X86", "VibeDisasm.Disassembler.X86\VibeDisasm.Disassembler.X86.csproj", "{1F969D82-1EFE-43D4-BFDE-806E6BE19DAA}"
EndProject
Project("{2150E333-8FDC-42A3-9474-1A3956D46DE8}") = "tests", "tests", "{29839E44-B79F-46EC-96C1-89CD8F7A3AC7}"
EndProject
Project("{2150E333-8FDC-42A3-9474-1A3956D46DE8}") = "src", "src", "{1C2EFA1D-098E-4FB9-AED4-CDEAFBB249E6}"
EndProject
Project("{FAE04EC0-301F-11D3-BF4B-00C04F79EFBC}") = "VibeDisasm.DecompilerEngine", "VibeDisasm.DecompilerEngine\VibeDisasm.DecompilerEngine.csproj", "{85C7A602-4D84-4866-9913-7AD3CE4C8B68}"
EndProject
Project("{FAE04EC0-301F-11D3-BF4B-00C04F79EFBC}") = "VibeDisasm.CfgVisualizer", "VibeDisasm.CfgVisualizer\VibeDisasm.CfgVisualizer.csproj", "{F5C7A602-4D84-4866-9913-7AD3CE4C8B69}"
EndProject
Project("{2150E333-8FDC-42A3-9474-1A3956D46DE8}") = "meta", "meta", "{AAFE18B6-D556-49C7-AE10-E53187A9CFA5}"
	ProjectSection(SolutionItems) = preProject
		Directory.Build.props = Directory.Build.props
		Directory.Packages.props = Directory.Packages.props
		.github\workflows\build-and-test.yml = .github\workflows\build-and-test.yml
		.gitignore = .gitignore
	EndProjectSection
EndProject
Project("{FAE04EC0-301F-11D3-BF4B-00C04F79EFBC}") = "VibeDisasm.DecompilerEngine.Tests", "tests\VibeDisasm.DecompilerEngine.Tests\VibeDisasm.DecompilerEngine.Tests.csproj", "{9FEDE52C-1BEF-4128-AD8C-52AA9B92D524}"
EndProject
Project("{FAE04EC0-301F-11D3-BF4B-00C04F79EFBC}") = "VibeDisasm.Disassembler.X86.Tests", "tests\VibeDisasm.Disassembler.X86.Tests\VibeDisasm.Disassembler.X86.Tests.csproj", "{0364E296-B25A-4711-813F-1EDFCD09A193}"
EndProject
Project("{FAE04EC0-301F-11D3-BF4B-00C04F79EFBC}") = "VibeDisasm.Core", "VibeDisasm.Core\VibeDisasm.Core.csproj", "{D2F2B8BC-8E05-47F7-8D6C-7E74B91BC73D}"
EndProject
Global
	GlobalSection(SolutionConfigurationPlatforms) = preSolution
		Debug|Any CPU = Debug|Any CPU
		Debug|x64 = Debug|x64
		Debug|x86 = Debug|x86
		Release|Any CPU = Release|Any CPU
		Release|x64 = Release|x64
		Release|x86 = Release|x86
	EndGlobalSection
	GlobalSection(ProjectConfigurationPlatforms) = postSolution
		{73BFB6C8-0B0C-470A-9FDD-BFC8338B9A3F}.Debug|Any CPU.ActiveCfg = Debug|Any CPU
		{73BFB6C8-0B0C-470A-9FDD-BFC8338B9A3F}.Debug|Any CPU.Build.0 = Debug|Any CPU
		{73BFB6C8-0B0C-470A-9FDD-BFC8338B9A3F}.Debug|x64.ActiveCfg = Debug|Any CPU
		{73BFB6C8-0B0C-470A-9FDD-BFC8338B9A3F}.Debug|x64.Build.0 = Debug|Any CPU
		{73BFB6C8-0B0C-470A-9FDD-BFC8338B9A3F}.Debug|x86.ActiveCfg = Debug|Any CPU
		{73BFB6C8-0B0C-470A-9FDD-BFC8338B9A3F}.Debug|x86.Build.0 = Debug|Any CPU
		{73BFB6C8-0B0C-470A-9FDD-BFC8338B9A3F}.Release|Any CPU.ActiveCfg = Release|Any CPU
		{73BFB6C8-0B0C-470A-9FDD-BFC8338B9A3F}.Release|Any CPU.Build.0 = Release|Any CPU
		{73BFB6C8-0B0C-470A-9FDD-BFC8338B9A3F}.Release|x64.ActiveCfg = Release|Any CPU
		{73BFB6C8-0B0C-470A-9FDD-BFC8338B9A3F}.Release|x64.Build.0 = Release|Any CPU
		{73BFB6C8-0B0C-470A-9FDD-BFC8338B9A3F}.Release|x86.ActiveCfg = Release|Any CPU
		{73BFB6C8-0B0C-470A-9FDD-BFC8338B9A3F}.Release|x86.Build.0 = Release|Any CPU
		{5B9453F3-48DB-4861-AACE-26AD544A20EC}.Debug|Any CPU.ActiveCfg = Debug|Any CPU
		{5B9453F3-48DB-4861-AACE-26AD544A20EC}.Debug|Any CPU.Build.0 = Debug|Any CPU
		{5B9453F3-48DB-4861-AACE-26AD544A20EC}.Debug|x64.ActiveCfg = Debug|Any CPU
		{5B9453F3-48DB-4861-AACE-26AD544A20EC}.Debug|x64.Build.0 = Debug|Any CPU
		{5B9453F3-48DB-4861-AACE-26AD544A20EC}.Debug|x86.ActiveCfg = Debug|Any CPU
		{5B9453F3-48DB-4861-AACE-26AD544A20EC}.Debug|x86.Build.0 = Debug|Any CPU
		{5B9453F3-48DB-4861-AACE-26AD544A20EC}.Release|Any CPU.ActiveCfg = Release|Any CPU
		{5B9453F3-48DB-4861-AACE-26AD544A20EC}.Release|Any CPU.Build.0 = Release|Any CPU
		{5B9453F3-48DB-4861-AACE-26AD544A20EC}.Release|x64.ActiveCfg = Release|Any CPU
		{5B9453F3-48DB-4861-AACE-26AD544A20EC}.Release|x64.Build.0 = Release|Any CPU
		{5B9453F3-48DB-4861-AACE-26AD544A20EC}.Release|x86.ActiveCfg = Release|Any CPU
		{5B9453F3-48DB-4861-AACE-26AD544A20EC}.Release|x86.Build.0 = Release|Any CPU
		{1F969D82-1EFE-43D4-BFDE-806E6BE19DAA}.Debug|Any CPU.ActiveCfg = Debug|Any CPU
		{1F969D82-1EFE-43D4-BFDE-806E6BE19DAA}.Debug|Any CPU.Build.0 = Debug|Any CPU
		{1F969D82-1EFE-43D4-BFDE-806E6BE19DAA}.Debug|x64.ActiveCfg = Debug|Any CPU
		{1F969D82-1EFE-43D4-BFDE-806E6BE19DAA}.Debug|x64.Build.0 = Debug|Any CPU
		{1F969D82-1EFE-43D4-BFDE-806E6BE19DAA}.Debug|x86.ActiveCfg = Debug|Any CPU
		{1F969D82-1EFE-43D4-BFDE-806E6BE19DAA}.Debug|x86.Build.0 = Debug|Any CPU
		{1F969D82-1EFE-43D4-BFDE-806E6BE19DAA}.Release|Any CPU.ActiveCfg = Release|Any CPU
		{1F969D82-1EFE-43D4-BFDE-806E6BE19DAA}.Release|Any CPU.Build.0 = Release|Any CPU
		{1F969D82-1EFE-43D4-BFDE-806E6BE19DAA}.Release|x64.ActiveCfg = Release|Any CPU
		{1F969D82-1EFE-43D4-BFDE-806E6BE19DAA}.Release|x64.Build.0 = Release|Any CPU
		{1F969D82-1EFE-43D4-BFDE-806E6BE19DAA}.Release|x86.ActiveCfg = Release|Any CPU
		{1F969D82-1EFE-43D4-BFDE-806E6BE19DAA}.Release|x86.Build.0 = Release|Any CPU
		{85C7A602-4D84-4866-9913-7AD3CE4C8B68}.Debug|Any CPU.ActiveCfg = Debug|Any CPU
		{85C7A602-4D84-4866-9913-7AD3CE4C8B68}.Debug|Any CPU.Build.0 = Debug|Any CPU
		{85C7A602-4D84-4866-9913-7AD3CE4C8B68}.Debug|x64.ActiveCfg = Debug|Any CPU
		{85C7A602-4D84-4866-9913-7AD3CE4C8B68}.Debug|x64.Build.0 = Debug|Any CPU
		{85C7A602-4D84-4866-9913-7AD3CE4C8B68}.Debug|x86.ActiveCfg = Debug|Any CPU
		{85C7A602-4D84-4866-9913-7AD3CE4C8B68}.Debug|x86.Build.0 = Debug|Any CPU
		{85C7A602-4D84-4866-9913-7AD3CE4C8B68}.Release|Any CPU.ActiveCfg = Release|Any CPU
		{85C7A602-4D84-4866-9913-7AD3CE4C8B68}.Release|Any CPU.Build.0 = Release|Any CPU
		{85C7A602-4D84-4866-9913-7AD3CE4C8B68}.Release|x64.ActiveCfg = Release|Any CPU
		{85C7A602-4D84-4866-9913-7AD3CE4C8B68}.Release|x64.Build.0 = Release|Any CPU
		{85C7A602-4D84-4866-9913-7AD3CE4C8B68}.Release|x86.ActiveCfg = Release|Any CPU
		{85C7A602-4D84-4866-9913-7AD3CE4C8B68}.Release|x86.Build.0 = Release|Any CPU
		{F5C7A602-4D84-4866-9913-7AD3CE4C8B69}.Debug|Any CPU.ActiveCfg = Debug|Any CPU
		{F5C7A602-4D84-4866-9913-7AD3CE4C8B69}.Debug|Any CPU.Build.0 = Debug|Any CPU
		{F5C7A602-4D84-4866-9913-7AD3CE4C8B69}.Debug|x64.ActiveCfg = Debug|Any CPU
		{F5C7A602-4D84-4866-9913-7AD3CE4C8B69}.Debug|x64.Build.0 = Debug|Any CPU
		{F5C7A602-4D84-4866-9913-7AD3CE4C8B69}.Debug|x86.ActiveCfg = Debug|Any CPU
		{F5C7A602-4D84-4866-9913-7AD3CE4C8B69}.Debug|x86.Build.0 = Debug|Any CPU
		{F5C7A602-4D84-4866-9913-7AD3CE4C8B69}.Release|x64.ActiveCfg = Release|Any CPU
		{F5C7A602-4D84-4866-9913-7AD3CE4C8B69}.Release|x64.Build.0 = Release|Any CPU
		{F5C7A602-4D84-4866-9913-7AD3CE4C8B69}.Release|x86.ActiveCfg = Release|Any CPU
		{F5C7A602-4D84-4866-9913-7AD3CE4C8B69}.Release|x86.Build.0 = Release|Any CPU
		{F5C7A602-4D84-4866-9913-7AD3CE4C8B69}.Release|Any CPU.ActiveCfg = Release|Any CPU
		{F5C7A602-4D84-4866-9913-7AD3CE4C8B69}.Release|Any CPU.Build.0 = Release|Any CPU
		{9FEDE52C-1BEF-4128-AD8C-52AA9B92D524}.Debug|Any CPU.ActiveCfg = Debug|Any CPU
		{9FEDE52C-1BEF-4128-AD8C-52AA9B92D524}.Debug|Any CPU.Build.0 = Debug|Any CPU
		{9FEDE52C-1BEF-4128-AD8C-52AA9B92D524}.Debug|x64.ActiveCfg = Debug|Any CPU
		{9FEDE52C-1BEF-4128-AD8C-52AA9B92D524}.Debug|x64.Build.0 = Debug|Any CPU
		{9FEDE52C-1BEF-4128-AD8C-52AA9B92D524}.Debug|x86.ActiveCfg = Debug|Any CPU
		{9FEDE52C-1BEF-4128-AD8C-52AA9B92D524}.Debug|x86.Build.0 = Debug|Any CPU
		{9FEDE52C-1BEF-4128-AD8C-52AA9B92D524}.Release|Any CPU.ActiveCfg = Release|Any CPU
		{9FEDE52C-1BEF-4128-AD8C-52AA9B92D524}.Release|Any CPU.Build.0 = Release|Any CPU
		{9FEDE52C-1BEF-4128-AD8C-52AA9B92D524}.Release|x64.ActiveCfg = Release|Any CPU
		{9FEDE52C-1BEF-4128-AD8C-52AA9B92D524}.Release|x64.Build.0 = Release|Any CPU
		{9FEDE52C-1BEF-4128-AD8C-52AA9B92D524}.Release|x86.ActiveCfg = Release|Any CPU
		{9FEDE52C-1BEF-4128-AD8C-52AA9B92D524}.Release|x86.Build.0 = Release|Any CPU
		{0364E296-B25A-4711-813F-1EDFCD09A193}.Debug|Any CPU.ActiveCfg = Debug|Any CPU
		{0364E296-B25A-4711-813F-1EDFCD09A193}.Debug|Any CPU.Build.0 = Debug|Any CPU
		{0364E296-B25A-4711-813F-1EDFCD09A193}.Debug|x64.ActiveCfg = Debug|Any CPU
		{0364E296-B25A-4711-813F-1EDFCD09A193}.Debug|x64.Build.0 = Debug|Any CPU
		{0364E296-B25A-4711-813F-1EDFCD09A193}.Debug|x86.ActiveCfg = Debug|Any CPU
		{0364E296-B25A-4711-813F-1EDFCD09A193}.Debug|x86.Build.0 = Debug|Any CPU
		{0364E296-B25A-4711-813F-1EDFCD09A193}.Release|Any CPU.ActiveCfg = Release|Any CPU
		{0364E296-B25A-4711-813F-1EDFCD09A193}.Release|Any CPU.Build.0 = Release|Any CPU
		{0364E296-B25A-4711-813F-1EDFCD09A193}.Release|x64.ActiveCfg = Release|Any CPU
		{0364E296-B25A-4711-813F-1EDFCD09A193}.Release|x64.Build.0 = Release|Any CPU
		{0364E296-B25A-4711-813F-1EDFCD09A193}.Release|x86.ActiveCfg = Release|Any CPU
		{0364E296-B25A-4711-813F-1EDFCD09A193}.Release|x86.Build.0 = Release|Any CPU
		{D2F2B8BC-8E05-47F7-8D6C-7E74B91BC73D}.Debug|Any CPU.ActiveCfg = Debug|Any CPU
		{D2F2B8BC-8E05-47F7-8D6C-7E74B91BC73D}.Debug|Any CPU.Build.0 = Debug|Any CPU
		{D2F2B8BC-8E05-47F7-8D6C-7E74B91BC73D}.Debug|x64.ActiveCfg = Debug|Any CPU
		{D2F2B8BC-8E05-47F7-8D6C-7E74B91BC73D}.Debug|x64.Build.0 = Debug|Any CPU
		{D2F2B8BC-8E05-47F7-8D6C-7E74B91BC73D}.Debug|x86.ActiveCfg = Debug|Any CPU
		{D2F2B8BC-8E05-47F7-8D6C-7E74B91BC73D}.Debug|x86.Build.0 = Debug|Any CPU
		{D2F2B8BC-8E05-47F7-8D6C-7E74B91BC73D}.Release|Any CPU.ActiveCfg = Release|Any CPU
		{D2F2B8BC-8E05-47F7-8D6C-7E74B91BC73D}.Release|Any CPU.Build.0 = Release|Any CPU
		{D2F2B8BC-8E05-47F7-8D6C-7E74B91BC73D}.Release|x64.ActiveCfg = Release|Any CPU
		{D2F2B8BC-8E05-47F7-8D6C-7E74B91BC73D}.Release|x64.Build.0 = Release|Any CPU
		{D2F2B8BC-8E05-47F7-8D6C-7E74B91BC73D}.Release|x86.ActiveCfg = Release|Any CPU
		{D2F2B8BC-8E05-47F7-8D6C-7E74B91BC73D}.Release|x86.Build.0 = Release|Any CPU
	EndGlobalSection
	GlobalSection(SolutionProperties) = preSolution
		HideSolutionNode = FALSE
	EndGlobalSection
	GlobalSection(NestedProjects) = preSolution
		{73BFB6C8-0B0C-470A-9FDD-BFC8338B9A3F} = {1C2EFA1D-098E-4FB9-AED4-CDEAFBB249E6}
		{5B9453F3-48DB-4861-AACE-26AD544A20EC} = {1C2EFA1D-098E-4FB9-AED4-CDEAFBB249E6}
		{1F969D82-1EFE-43D4-BFDE-806E6BE19DAA} = {1C2EFA1D-098E-4FB9-AED4-CDEAFBB249E6}
		{85C7A602-4D84-4866-9913-7AD3CE4C8B68} = {1C2EFA1D-098E-4FB9-AED4-CDEAFBB249E6}
		{F5C7A602-4D84-4866-9913-7AD3CE4C8B69} = {1C2EFA1D-098E-4FB9-AED4-CDEAFBB249E6}
		{9FEDE52C-1BEF-4128-AD8C-52AA9B92D524} = {29839E44-B79F-46EC-96C1-89CD8F7A3AC7}
		{0364E296-B25A-4711-813F-1EDFCD09A193} = {29839E44-B79F-46EC-96C1-89CD8F7A3AC7}
		{D2F2B8BC-8E05-47F7-8D6C-7E74B91BC73D} = {1C2EFA1D-098E-4FB9-AED4-CDEAFBB249E6}
	EndGlobalSection
EndGlobal
